<?xml version="1.0" encoding="utf-8"?>
<Project ToolsVersion="4.0" xmlns="http://schemas.microsoft.com/developer/msbuild/2003">
  <ItemGroup>
    <ClCompile Include="Main.cpp" />
    <ClCompile Include="Collision\Collision.cpp">
      <Filter>MyClass</Filter>
    </ClCompile>
    <ClCompile Include="Figure\Figure.cpp">
      <Filter>MyClass</Filter>
    </ClCompile>
    <ClCompile Include="Input\Input.cpp">
      <Filter>MyClass</Filter>
    </ClCompile>
    <ClCompile Include="Move\Move.cpp">
      <Filter>MyClass</Filter>
    </ClCompile>
    <ClCompile Include="MyDxSound\My_DxSound.cpp">
      <Filter>MyClass</Filter>
    </ClCompile>
    <ClCompile Include="Scene\SceneManager.cpp">
      <Filter>Scene\Manager</Filter>
    </ClCompile>
    <ClCompile Include="Scene\Game\Game.cpp">
      <Filter>Scene\Game</Filter>
    </ClCompile>
    <ClCompile Include="Scene\Game\Player.cpp">
      <Filter>Scene\Game\GameController\Player</Filter>
    </ClCompile>
    <ClCompile Include="Scene\Game\Back.cpp">
      <Filter>Scene\Game\GameController\Back</Filter>
    </ClCompile>
    <ClCompile Include="Scene\Game\GameController.cpp">
      <Filter>Scene\Game\GameController</Filter>
    </ClCompile>
    <ClCompile Include="Scene\Game\Block.cpp">
      <Filter>Scene\Game\GameController\Blocks</Filter>
    </ClCompile>
    <ClCompile Include="Scene\Game\UI.cpp">
      <Filter>Scene\Game\GameController\UI</Filter>
    </ClCompile>
    <ClCompile Include="Scene\Game\Score\Score.cpp">
      <Filter>Scene\Game\GameController\Score</Filter>
    </ClCompile>
  </ItemGroup>
  <ItemGroup>
    <ClInclude Include="Collision\Collision.h">
      <Filter>MyClass</Filter>
    </ClInclude>
    <ClInclude Include="Easing\easing.hpp">
      <Filter>MyClass</Filter>
    </ClInclude>
    <ClInclude Include="Figure\Figure.h">
      <Filter>MyClass</Filter>
    </ClInclude>
    <ClInclude Include="Input\Input.h">
      <Filter>MyClass</Filter>
    </ClInclude>
    <ClInclude Include="Move\Move.h">
      <Filter>MyClass</Filter>
    </ClInclude>
    <ClInclude Include="MyDxSound\My_DxSound.h">
      <Filter>MyClass</Filter>
    </ClInclude>
    <ClInclude Include="Scene\SceneManager.h">
      <Filter>Scene\Manager</Filter>
    </ClInclude>
    <ClInclude Include="Scene\Game\Game.h">
      <Filter>Scene\Game</Filter>
    </ClInclude>
    <ClInclude Include="Scene\Scene.h">
      <Filter>Scene\Manager</Filter>
    </ClInclude>
    <ClInclude Include="Scene\Game\Player.h">
      <Filter>Scene\Game\GameController\Player</Filter>
    </ClInclude>
    <ClInclude Include="Scene\Game\Back.h">
      <Filter>Scene\Game\GameController\Back</Filter>
    </ClInclude>
    <ClInclude Include="Scene\Game\GameController.h">
      <Filter>Scene\Game\GameController</Filter>
    </ClInclude>
    <ClInclude Include="Scene\Game\Block.h">
      <Filter>Scene\Game\GameController\Blocks</Filter>
    </ClInclude>
    <ClInclude Include="Scene\Game\UI.h">
      <Filter>Scene\Game\GameController\UI</Filter>
    </ClInclude>
    <ClInclude Include="Scene\Game\Score\Score.h">
      <Filter>Scene\Game\GameController\Score</Filter>
    </ClInclude>
  </ItemGroup>
  <ItemGroup>
    <Filter Include="MyClass">
      <UniqueIdentifier>{9c4994da-0d48-460e-8007-1d24542fdef6}</UniqueIdentifier>
    </Filter>
    <Filter Include="Scene">
      <UniqueIdentifier>{1b2df113-7344-442a-9846-7dc24765bce0}</UniqueIdentifier>
    </Filter>
    <Filter Include="Scene\Game">
      <UniqueIdentifier>{4010f07d-98b5-450e-a9f4-ccc5b6ab968f}</UniqueIdentifier>
    </Filter>
    <Filter Include="Scene\Manager">
      <UniqueIdentifier>{b4d6b1e9-9bc3-47f6-a60d-d9fc93f8c1e2}</UniqueIdentifier>
    </Filter>
    <Filter Include="Scene\Game\GameController">
      <UniqueIdentifier>{e5201fa5-d884-4b16-8a99-3d989eb0dad1}</UniqueIdentifier>
    </Filter>
    <Filter Include="Scene\Game\GameController\Back">
      <UniqueIdentifier>{afb4fa4e-af87-4878-ab4c-42ab38ba08e3}</UniqueIdentifier>
    </Filter>
    <Filter Include="Scene\Game\GameController\Blocks">
      <UniqueIdentifier>{7a396af5-262c-4013-8e81-f28949ee5f91}</UniqueIdentifier>
    </Filter>
    <Filter Include="Scene\Game\GameController\Player">
      <UniqueIdentifier>{7181f8b3-0bd8-4897-a637-9a817ce3a55e}</UniqueIdentifier>
    </Filter>
    <Filter Include="Scene\Game\GameController\UI">
      <UniqueIdentifier>{71c9c535-a802-4c9c-9f03-7c44bfc13266}</UniqueIdentifier>
    </Filter>
    <Filter Include="Scene\Game\GameController\Score">
      <UniqueIdentifier>{a70453da-f904-47a3-89ca-8f55f8c7cfb7}</UniqueIdentifier>
    </Filter>
  </ItemGroup>
</Project>